
Microsoft Visual Studio Solution File, Format Version 12.00
# Visual Studio Version 17
VisualStudioVersion = 17.14.36518.9
MinimumVisualStudioVersion = 10.0.40219.1
Project("{FAE04EC0-301F-11D3-BF4B-00C04F79EFBC}") = "DPM225478_Adapter_06", "DPM225478_Adapter_06\DPM225478_Adapter_06.csproj", "{63DFB9EA-9507-44D3-B6AC-0735755302E7}"
EndProject
Project("{FAE04EC0-301F-11D3-BF4B-00C04F79EFBC}") = "DPM225478_Bridge_07", "DPM225478_Bridge_07\DPM225478_Bridge_07.csproj", "{3683F1E5-E46D-492C-915B-6BC87D41CBE2}"
EndProject
Project("{FAE04EC0-301F-11D3-BF4B-00C04F79EFBC}") = "DPM225478_ChainOfResp_14", "DPM225478_ChainOfResp_14\DPM225478_ChainOfResp_14.csproj", "{9A8DDC0D-0FC9-4FC0-A4EF-5DA78EC648A0}"
EndProject
Project("{FAE04EC0-301F-11D3-BF4B-00C04F79EFBC}") = "DPM225478_Command_15", "DPM225478_Command_15\DPM225478_Command_15.csproj", "{59A96554-EDD4-4400-87DC-F06389CE6730}"
EndProject
Project("{FAE04EC0-301F-11D3-BF4B-00C04F79EFBC}") = "DPM225478_Composite_08", "DPM225478_Composite_08\DPM225478_Composite_08.csproj", "{30B4FE12-0080-4FE6-B5B4-ECBFE7B435FB}"
EndProject
Project("{FAE04EC0-301F-11D3-BF4B-00C04F79EFBC}") = "DPM225478_Decorator_09", "DPM225478_Decorator_09\DPM225478_Decorator_09.csproj", "{BB5BFCCC-4E6C-4192-9D16-7AE0379A7F4D}"
EndProject
Project("{FAE04EC0-301F-11D3-BF4B-00C04F79EFBC}") = "DPM225478_Facade_10", "DPM225478_Facade_10\DPM225478_Facade_10.csproj", "{87F8A6DE-657F-4DE1-9E92-004A40A0C5F7}"
EndProject
Project("{FAE04EC0-301F-11D3-BF4B-00C04F79EFBC}") = "DPM225478_Factory_Method_03", "DPM225478_Factory_Method_03\DPM225478_Factory_Method_03.csproj", "{D540238B-79FD-4CD1-A6FC-9845FAC1C11D}"
EndProject
Project("{FAE04EC0-301F-11D3-BF4B-00C04F79EFBC}") = "DPM225478_FlyWeight_12", "DPM225478_FlyWeight_12\DPM225478_FlyWeight_12.csproj", "{C7C574D3-9451-4C39-8CD2-D36ACAD608BD}"
EndProject
Project("{FAE04EC0-301F-11D3-BF4B-00C04F79EFBC}") = "DPM225478_Interpreter_16", "DPM225478_Interpreter_16\DPM225478_Interpreter_16.csproj", "{183BA4BC-16BB-432D-9937-F68AF8AB8ED9}"
EndProject
Project("{FAE04EC0-301F-11D3-BF4B-00C04F79EFBC}") = "DPM225478_Iterator_17", "DPM225478_Iterator_17\DPM225478_Iterator_17.csproj", "{9570495E-8320-4E67-9EE1-431C70751607}"
EndProject
Project("{FAE04EC0-301F-11D3-BF4B-00C04F79EFBC}") = "DPM225478_Mediator_18", "DPM225478_Mediator_18\DPM225478_Mediator_18.csproj", "{60611553-C916-4600-AA1A-6A4C692D0B50}"
EndProject
Project("{FAE04EC0-301F-11D3-BF4B-00C04F79EFBC}") = "DPM225478_Memental_19", "DPM225478_Memental_19\DPM225478_Memental_19.csproj", "{1494C09A-52B0-49B5-B549-AE4AB754E3AF}"
EndProject
Project("{FAE04EC0-301F-11D3-BF4B-00C04F79EFBC}") = "DPM225478_Abstract_Factory_01", "DPM225478_NguyenTranMinhTuong_01\DPM225478_Abstract_Factory_01.csproj", "{B81D1959-C8AA-45C1-BD87-68E5969BC297}"
EndProject
Project("{FAE04EC0-301F-11D3-BF4B-00C04F79EFBC}") = "DPM225478_NguyenTranMinhTuong_02", "DPM225478_NguyenTranMinhTuong_02\DPM225478_NguyenTranMinhTuong_02.csproj", "{72B5C536-1B27-4A89-9284-439692185D7C}"
EndProject
Project("{FAE04EC0-301F-11D3-BF4B-00C04F79EFBC}") = "DPM225478_Observer", "DPM225478_Observer\DPM225478_Observer.csproj", "{3B235604-64B4-4059-9105-494BA607AC63}"
EndProject
Project("{FAE04EC0-301F-11D3-BF4B-00C04F79EFBC}") = "DPM225478_Prototype_04", "DPM225478_Prototype_04\DPM225478_Prototype_04.csproj", "{889A478B-6D25-4D18-81B6-3D88EC6BB1A1}"
EndProject
Project("{FAE04EC0-301F-11D3-BF4B-00C04F79EFBC}") = "DPM225478_Proxy_13", "DPM225478_Proxy_13\DPM225478_Proxy_13.csproj", "{326D28BC-F2A7-4B7C-AACD-48D76723B3F2}"
EndProject
Project("{FAE04EC0-301F-11D3-BF4B-00C04F79EFBC}") = "DPM225478_Singleton_05", "DPM225478_Singleton\DPM225478_Singleton_05.csproj", "{E8B727B5-E7F1-4EDA-A74B-B33A33B79E1F}"
EndProject
Project("{FAE04EC0-301F-11D3-BF4B-00C04F79EFBC}") = "DPM225478_State", "DPM225478_State\DPM225478_State.csproj", "{09D84A41-24D7-4431-B8BF-28C148645DF0}"
EndProject
Project("{FAE04EC0-301F-11D3-BF4B-00C04F79EFBC}") = "DPM225478_Strategy_21", "DPM225478_Strategy_21\DPM225478_Strategy_21.csproj", "{ABF0C6AD-0538-4CAF-946F-69825CF75164}"
EndProject
Project("{FAE04EC0-301F-11D3-BF4B-00C04F79EFBC}") = "DPM225478_TemplateMethod_22", "DPM225478_TemplateMethod_22\DPM225478_TemplateMethod_22.csproj", "{126EDE2E-D8F0-4F80-B628-5412B8D1012A}"
EndProject
Project("{FAE04EC0-301F-11D3-BF4B-00C04F79EFBC}") = "DPM225478_Vísitor_23", "DPM225478_Vísitor_23\DPM225478_Vísitor_23.csproj", "{3E110817-AC90-49D3-ACAD-EABDA5296F75}"
EndProject
Global
	GlobalSection(SolutionConfigurationPlatforms) = preSolution
		Debug|Any CPU = Debug|Any CPU
		Debug|x64 = Debug|x64
		Debug|x86 = Debug|x86
		Release|Any CPU = Release|Any CPU
		Release|x64 = Release|x64
		Release|x86 = Release|x86
	EndGlobalSection
	GlobalSection(ProjectConfigurationPlatforms) = postSolution
		{63DFB9EA-9507-44D3-B6AC-0735755302E7}.Debug|Any CPU.ActiveCfg = Debug|Any CPU
		{63DFB9EA-9507-44D3-B6AC-0735755302E7}.Debug|Any CPU.Build.0 = Debug|Any CPU
		{63DFB9EA-9507-44D3-B6AC-0735755302E7}.Debug|x64.ActiveCfg = Debug|Any CPU
		{63DFB9EA-9507-44D3-B6AC-0735755302E7}.Debug|x64.Build.0 = Debug|Any CPU
		{63DFB9EA-9507-44D3-B6AC-0735755302E7}.Debug|x86.ActiveCfg = Debug|Any CPU
		{63DFB9EA-9507-44D3-B6AC-0735755302E7}.Debug|x86.Build.0 = Debug|Any CPU
		{63DFB9EA-9507-44D3-B6AC-0735755302E7}.Release|Any CPU.ActiveCfg = Release|Any CPU
		{63DFB9EA-9507-44D3-B6AC-0735755302E7}.Release|Any CPU.Build.0 = Release|Any CPU
		{63DFB9EA-9507-44D3-B6AC-0735755302E7}.Release|x64.ActiveCfg = Release|Any CPU
		{63DFB9EA-9507-44D3-B6AC-0735755302E7}.Release|x64.Build.0 = Release|Any CPU
		{63DFB9EA-9507-44D3-B6AC-0735755302E7}.Release|x86.ActiveCfg = Release|Any CPU
		{63DFB9EA-9507-44D3-B6AC-0735755302E7}.Release|x86.Build.0 = Release|Any CPU
		{3683F1E5-E46D-492C-915B-6BC87D41CBE2}.Debug|Any CPU.ActiveCfg = Debug|Any CPU
		{3683F1E5-E46D-492C-915B-6BC87D41CBE2}.Debug|Any CPU.Build.0 = Debug|Any CPU
		{3683F1E5-E46D-492C-915B-6BC87D41CBE2}.Debug|x64.ActiveCfg = Debug|Any CPU
		{3683F1E5-E46D-492C-915B-6BC87D41CBE2}.Debug|x64.Build.0 = Debug|Any CPU
		{3683F1E5-E46D-492C-915B-6BC87D41CBE2}.Debug|x86.ActiveCfg = Debug|Any CPU
		{3683F1E5-E46D-492C-915B-6BC87D41CBE2}.Debug|x86.Build.0 = Debug|Any CPU
		{3683F1E5-E46D-492C-915B-6BC87D41CBE2}.Release|Any CPU.ActiveCfg = Release|Any CPU
		{3683F1E5-E46D-492C-915B-6BC87D41CBE2}.Release|Any CPU.Build.0 = Release|Any CPU
		{3683F1E5-E46D-492C-915B-6BC87D41CBE2}.Release|x64.ActiveCfg = Release|Any CPU
		{3683F1E5-E46D-492C-915B-6BC87D41CBE2}.Release|x64.Build.0 = Release|Any CPU
		{3683F1E5-E46D-492C-915B-6BC87D41CBE2}.Release|x86.ActiveCfg = Release|Any CPU
		{3683F1E5-E46D-492C-915B-6BC87D41CBE2}.Release|x86.Build.0 = Release|Any CPU
		{9A8DDC0D-0FC9-4FC0-A4EF-5DA78EC648A0}.Debug|Any CPU.ActiveCfg = Debug|Any CPU
		{9A8DDC0D-0FC9-4FC0-A4EF-5DA78EC648A0}.Debug|Any CPU.Build.0 = Debug|Any CPU
		{9A8DDC0D-0FC9-4FC0-A4EF-5DA78EC648A0}.Debug|x64.ActiveCfg = Debug|Any CPU
		{9A8DDC0D-0FC9-4FC0-A4EF-5DA78EC648A0}.Debug|x64.Build.0 = Debug|Any CPU
		{9A8DDC0D-0FC9-4FC0-A4EF-5DA78EC648A0}.Debug|x86.ActiveCfg = Debug|Any CPU
		{9A8DDC0D-0FC9-4FC0-A4EF-5DA78EC648A0}.Debug|x86.Build.0 = Debug|Any CPU
		{9A8DDC0D-0FC9-4FC0-A4EF-5DA78EC648A0}.Release|Any CPU.ActiveCfg = Release|Any CPU
		{9A8DDC0D-0FC9-4FC0-A4EF-5DA78EC648A0}.Release|Any CPU.Build.0 = Release|Any CPU
		{9A8DDC0D-0FC9-4FC0-A4EF-5DA78EC648A0}.Release|x64.ActiveCfg = Release|Any CPU
		{9A8DDC0D-0FC9-4FC0-A4EF-5DA78EC648A0}.Release|x64.Build.0 = Release|Any CPU
		{9A8DDC0D-0FC9-4FC0-A4EF-5DA78EC648A0}.Release|x86.ActiveCfg = Release|Any CPU
		{9A8DDC0D-0FC9-4FC0-A4EF-5DA78EC648A0}.Release|x86.Build.0 = Release|Any CPU
		{59A96554-EDD4-4400-87DC-F06389CE6730}.Debug|Any CPU.ActiveCfg = Debug|Any CPU
		{59A96554-EDD4-4400-87DC-F06389CE6730}.Debug|Any CPU.Build.0 = Debug|Any CPU
		{59A96554-EDD4-4400-87DC-F06389CE6730}.Debug|x64.ActiveCfg = Debug|Any CPU
		{59A96554-EDD4-4400-87DC-F06389CE6730}.Debug|x64.Build.0 = Debug|Any CPU
		{59A96554-EDD4-4400-87DC-F06389CE6730}.Debug|x86.ActiveCfg = Debug|Any CPU
		{59A96554-EDD4-4400-87DC-F06389CE6730}.Debug|x86.Build.0 = Debug|Any CPU
		{59A96554-EDD4-4400-87DC-F06389CE6730}.Release|Any CPU.ActiveCfg = Release|Any CPU
		{59A96554-EDD4-4400-87DC-F06389CE6730}.Release|Any CPU.Build.0 = Release|Any CPU
		{59A96554-EDD4-4400-87DC-F06389CE6730}.Release|x64.ActiveCfg = Release|Any CPU
		{59A96554-EDD4-4400-87DC-F06389CE6730}.Release|x64.Build.0 = Release|Any CPU
		{59A96554-EDD4-4400-87DC-F06389CE6730}.Release|x86.ActiveCfg = Release|Any CPU
		{59A96554-EDD4-4400-87DC-F06389CE6730}.Release|x86.Build.0 = Release|Any CPU
		{30B4FE12-0080-4FE6-B5B4-ECBFE7B435FB}.Debug|Any CPU.ActiveCfg = Debug|Any CPU
		{30B4FE12-0080-4FE6-B5B4-ECBFE7B435FB}.Debug|Any CPU.Build.0 = Debug|Any CPU
		{30B4FE12-0080-4FE6-B5B4-ECBFE7B435FB}.Debug|x64.ActiveCfg = Debug|Any CPU
		{30B4FE12-0080-4FE6-B5B4-ECBFE7B435FB}.Debug|x64.Build.0 = Debug|Any CPU
		{30B4FE12-0080-4FE6-B5B4-ECBFE7B435FB}.Debug|x86.ActiveCfg = Debug|Any CPU
		{30B4FE12-0080-4FE6-B5B4-ECBFE7B435FB}.Debug|x86.Build.0 = Debug|Any CPU
		{30B4FE12-0080-4FE6-B5B4-ECBFE7B435FB}.Release|Any CPU.ActiveCfg = Release|Any CPU
		{30B4FE12-0080-4FE6-B5B4-ECBFE7B435FB}.Release|Any CPU.Build.0 = Release|Any CPU
		{30B4FE12-0080-4FE6-B5B4-ECBFE7B435FB}.Release|x64.ActiveCfg = Release|Any CPU
		{30B4FE12-0080-4FE6-B5B4-ECBFE7B435FB}.Release|x64.Build.0 = Release|Any CPU
		{30B4FE12-0080-4FE6-B5B4-ECBFE7B435FB}.Release|x86.ActiveCfg = Release|Any CPU
		{30B4FE12-0080-4FE6-B5B4-ECBFE7B435FB}.Release|x86.Build.0 = Release|Any CPU
		{BB5BFCCC-4E6C-4192-9D16-7AE0379A7F4D}.Debug|Any CPU.ActiveCfg = Debug|Any CPU
		{BB5BFCCC-4E6C-4192-9D16-7AE0379A7F4D}.Debug|Any CPU.Build.0 = Debug|Any CPU
		{BB5BFCCC-4E6C-4192-9D16-7AE0379A7F4D}.Debug|x64.ActiveCfg = Debug|Any CPU
		{BB5BFCCC-4E6C-4192-9D16-7AE0379A7F4D}.Debug|x64.Build.0 = Debug|Any CPU
		{BB5BFCCC-4E6C-4192-9D16-7AE0379A7F4D}.Debug|x86.ActiveCfg = Debug|Any CPU
		{BB5BFCCC-4E6C-4192-9D16-7AE0379A7F4D}.Debug|x86.Build.0 = Debug|Any CPU
		{BB5BFCCC-4E6C-4192-9D16-7AE0379A7F4D}.Release|Any CPU.ActiveCfg = Release|Any CPU
		{BB5BFCCC-4E6C-4192-9D16-7AE0379A7F4D}.Release|Any CPU.Build.0 = Release|Any CPU
		{BB5BFCCC-4E6C-4192-9D16-7AE0379A7F4D}.Release|x64.ActiveCfg = Release|Any CPU
		{BB5BFCCC-4E6C-4192-9D16-7AE0379A7F4D}.Release|x64.Build.0 = Release|Any CPU
		{BB5BFCCC-4E6C-4192-9D16-7AE0379A7F4D}.Release|x86.ActiveCfg = Release|Any CPU
		{BB5BFCCC-4E6C-4192-9D16-7AE0379A7F4D}.Release|x86.Build.0 = Release|Any CPU
		{87F8A6DE-657F-4DE1-9E92-004A40A0C5F7}.Debug|Any CPU.ActiveCfg = Debug|Any CPU
		{87F8A6DE-657F-4DE1-9E92-004A40A0C5F7}.Debug|Any CPU.Build.0 = Debug|Any CPU
		{87F8A6DE-657F-4DE1-9E92-004A40A0C5F7}.Debug|x64.ActiveCfg = Debug|Any CPU
		{87F8A6DE-657F-4DE1-9E92-004A40A0C5F7}.Debug|x64.Build.0 = Debug|Any CPU
		{87F8A6DE-657F-4DE1-9E92-004A40A0C5F7}.Debug|x86.ActiveCfg = Debug|Any CPU
		{87F8A6DE-657F-4DE1-9E92-004A40A0C5F7}.Debug|x86.Build.0 = Debug|Any CPU
		{87F8A6DE-657F-4DE1-9E92-004A40A0C5F7}.Release|Any CPU.ActiveCfg = Release|Any CPU
		{87F8A6DE-657F-4DE1-9E92-004A40A0C5F7}.Release|Any CPU.Build.0 = Release|Any CPU
		{87F8A6DE-657F-4DE1-9E92-004A40A0C5F7}.Release|x64.ActiveCfg = Release|Any CPU
		{87F8A6DE-657F-4DE1-9E92-004A40A0C5F7}.Release|x64.Build.0 = Release|Any CPU
		{87F8A6DE-657F-4DE1-9E92-004A40A0C5F7}.Release|x86.ActiveCfg = Release|Any CPU
		{87F8A6DE-657F-4DE1-9E92-004A40A0C5F7}.Release|x86.Build.0 = Release|Any CPU
		{D540238B-79FD-4CD1-A6FC-9845FAC1C11D}.Debug|Any CPU.ActiveCfg = Debug|Any CPU
		{D540238B-79FD-4CD1-A6FC-9845FAC1C11D}.Debug|Any CPU.Build.0 = Debug|Any CPU
		{D540238B-79FD-4CD1-A6FC-9845FAC1C11D}.Debug|x64.ActiveCfg = Debug|Any CPU
		{D540238B-79FD-4CD1-A6FC-9845FAC1C11D}.Debug|x64.Build.0 = Debug|Any CPU
		{D540238B-79FD-4CD1-A6FC-9845FAC1C11D}.Debug|x86.ActiveCfg = Debug|Any CPU
		{D540238B-79FD-4CD1-A6FC-9845FAC1C11D}.Debug|x86.Build.0 = Debug|Any CPU
		{D540238B-79FD-4CD1-A6FC-9845FAC1C11D}.Release|Any CPU.ActiveCfg = Release|Any CPU
		{D540238B-79FD-4CD1-A6FC-9845FAC1C11D}.Release|Any CPU.Build.0 = Release|Any CPU
		{D540238B-79FD-4CD1-A6FC-9845FAC1C11D}.Release|x64.ActiveCfg = Release|Any CPU
		{D540238B-79FD-4CD1-A6FC-9845FAC1C11D}.Release|x64.Build.0 = Release|Any CPU
		{D540238B-79FD-4CD1-A6FC-9845FAC1C11D}.Release|x86.ActiveCfg = Release|Any CPU
		{D540238B-79FD-4CD1-A6FC-9845FAC1C11D}.Release|x86.Build.0 = Release|Any CPU
		{C7C574D3-9451-4C39-8CD2-D36ACAD608BD}.Debug|Any CPU.ActiveCfg = Debug|Any CPU
		{C7C574D3-9451-4C39-8CD2-D36ACAD608BD}.Debug|Any CPU.Build.0 = Debug|Any CPU
		{C7C574D3-9451-4C39-8CD2-D36ACAD608BD}.Debug|x64.ActiveCfg = Debug|Any CPU
		{C7C574D3-9451-4C39-8CD2-D36ACAD608BD}.Debug|x64.Build.0 = Debug|Any CPU
		{C7C574D3-9451-4C39-8CD2-D36ACAD608BD}.Debug|x86.ActiveCfg = Debug|Any CPU
		{C7C574D3-9451-4C39-8CD2-D36ACAD608BD}.Debug|x86.Build.0 = Debug|Any CPU
		{C7C574D3-9451-4C39-8CD2-D36ACAD608BD}.Release|Any CPU.ActiveCfg = Release|Any CPU
		{C7C574D3-9451-4C39-8CD2-D36ACAD608BD}.Release|Any CPU.Build.0 = Release|Any CPU
		{C7C574D3-9451-4C39-8CD2-D36ACAD608BD}.Release|x64.ActiveCfg = Release|Any CPU
		{C7C574D3-9451-4C39-8CD2-D36ACAD608BD}.Release|x64.Build.0 = Release|Any CPU
		{C7C574D3-9451-4C39-8CD2-D36ACAD608BD}.Release|x86.ActiveCfg = Release|Any CPU
		{C7C574D3-9451-4C39-8CD2-D36ACAD608BD}.Release|x86.Build.0 = Release|Any CPU
		{183BA4BC-16BB-432D-9937-F68AF8AB8ED9}.Debug|Any CPU.ActiveCfg = Debug|Any CPU
		{183BA4BC-16BB-432D-9937-F68AF8AB8ED9}.Debug|Any CPU.Build.0 = Debug|Any CPU
		{183BA4BC-16BB-432D-9937-F68AF8AB8ED9}.Debug|x64.ActiveCfg = Debug|Any CPU
		{183BA4BC-16BB-432D-9937-F68AF8AB8ED9}.Debug|x64.Build.0 = Debug|Any CPU
		{183BA4BC-16BB-432D-9937-F68AF8AB8ED9}.Debug|x86.ActiveCfg = Debug|Any CPU
		{183BA4BC-16BB-432D-9937-F68AF8AB8ED9}.Debug|x86.Build.0 = Debug|Any CPU
		{183BA4BC-16BB-432D-9937-F68AF8AB8ED9}.Release|Any CPU.ActiveCfg = Release|Any CPU
		{183BA4BC-16BB-432D-9937-F68AF8AB8ED9}.Release|Any CPU.Build.0 = Release|Any CPU
		{183BA4BC-16BB-432D-9937-F68AF8AB8ED9}.Release|x64.ActiveCfg = Release|Any CPU
		{183BA4BC-16BB-432D-9937-F68AF8AB8ED9}.Release|x64.Build.0 = Release|Any CPU
		{183BA4BC-16BB-432D-9937-F68AF8AB8ED9}.Release|x86.ActiveCfg = Release|Any CPU
		{183BA4BC-16BB-432D-9937-F68AF8AB8ED9}.Release|x86.Build.0 = Release|Any CPU
		{9570495E-8320-4E67-9EE1-431C70751607}.Debug|Any CPU.ActiveCfg = Debug|Any CPU
		{9570495E-8320-4E67-9EE1-431C70751607}.Debug|Any CPU.Build.0 = Debug|Any CPU
		{9570495E-8320-4E67-9EE1-431C70751607}.Debug|x64.ActiveCfg = Debug|Any CPU
		{9570495E-8320-4E67-9EE1-431C70751607}.Debug|x64.Build.0 = Debug|Any CPU
		{9570495E-8320-4E67-9EE1-431C70751607}.Debug|x86.ActiveCfg = Debug|Any CPU
		{9570495E-8320-4E67-9EE1-431C70751607}.Debug|x86.Build.0 = Debug|Any CPU
		{9570495E-8320-4E67-9EE1-431C70751607}.Release|Any CPU.ActiveCfg = Release|Any CPU
		{9570495E-8320-4E67-9EE1-431C70751607}.Release|Any CPU.Build.0 = Release|Any CPU
		{9570495E-8320-4E67-9EE1-431C70751607}.Release|x64.ActiveCfg = Release|Any CPU
		{9570495E-8320-4E67-9EE1-431C70751607}.Release|x64.Build.0 = Release|Any CPU
		{9570495E-8320-4E67-9EE1-431C70751607}.Release|x86.ActiveCfg = Release|Any CPU
		{9570495E-8320-4E67-9EE1-431C70751607}.Release|x86.Build.0 = Release|Any CPU
		{60611553-C916-4600-AA1A-6A4C692D0B50}.Debug|Any CPU.ActiveCfg = Debug|Any CPU
		{60611553-C916-4600-AA1A-6A4C692D0B50}.Debug|Any CPU.Build.0 = Debug|Any CPU
		{60611553-C916-4600-AA1A-6A4C692D0B50}.Debug|x64.ActiveCfg = Debug|Any CPU
		{60611553-C916-4600-AA1A-6A4C692D0B50}.Debug|x64.Build.0 = Debug|Any CPU
		{60611553-C916-4600-AA1A-6A4C692D0B50}.Debug|x86.ActiveCfg = Debug|Any CPU
		{60611553-C916-4600-AA1A-6A4C692D0B50}.Debug|x86.Build.0 = Debug|Any CPU
		{60611553-C916-4600-AA1A-6A4C692D0B50}.Release|Any CPU.ActiveCfg = Release|Any CPU
		{60611553-C916-4600-AA1A-6A4C692D0B50}.Release|Any CPU.Build.0 = Release|Any CPU
		{60611553-C916-4600-AA1A-6A4C692D0B50}.Release|x64.ActiveCfg = Release|Any CPU
		{60611553-C916-4600-AA1A-6A4C692D0B50}.Release|x64.Build.0 = Release|Any CPU
		{60611553-C916-4600-AA1A-6A4C692D0B50}.Release|x86.ActiveCfg = Release|Any CPU
		{60611553-C916-4600-AA1A-6A4C692D0B50}.Release|x86.Build.0 = Release|Any CPU
		{1494C09A-52B0-49B5-B549-AE4AB754E3AF}.Debug|Any CPU.ActiveCfg = Debug|Any CPU
		{1494C09A-52B0-49B5-B549-AE4AB754E3AF}.Debug|Any CPU.Build.0 = Debug|Any CPU
		{1494C09A-52B0-49B5-B549-AE4AB754E3AF}.Debug|x64.ActiveCfg = Debug|Any CPU
		{1494C09A-52B0-49B5-B549-AE4AB754E3AF}.Debug|x64.Build.0 = Debug|Any CPU
		{1494C09A-52B0-49B5-B549-AE4AB754E3AF}.Debug|x86.ActiveCfg = Debug|Any CPU
		{1494C09A-52B0-49B5-B549-AE4AB754E3AF}.Debug|x86.Build.0 = Debug|Any CPU
		{1494C09A-52B0-49B5-B549-AE4AB754E3AF}.Release|Any CPU.ActiveCfg = Release|Any CPU
		{1494C09A-52B0-49B5-B549-AE4AB754E3AF}.Release|Any CPU.Build.0 = Release|Any CPU
		{1494C09A-52B0-49B5-B549-AE4AB754E3AF}.Release|x64.ActiveCfg = Release|Any CPU
		{1494C09A-52B0-49B5-B549-AE4AB754E3AF}.Release|x64.Build.0 = Release|Any CPU
		{1494C09A-52B0-49B5-B549-AE4AB754E3AF}.Release|x86.ActiveCfg = Release|Any CPU
		{1494C09A-52B0-49B5-B549-AE4AB754E3AF}.Release|x86.Build.0 = Release|Any CPU
		{B81D1959-C8AA-45C1-BD87-68E5969BC297}.Debug|Any CPU.ActiveCfg = Debug|Any CPU
		{B81D1959-C8AA-45C1-BD87-68E5969BC297}.Debug|Any CPU.Build.0 = Debug|Any CPU
		{B81D1959-C8AA-45C1-BD87-68E5969BC297}.Debug|x64.ActiveCfg = Debug|Any CPU
		{B81D1959-C8AA-45C1-BD87-68E5969BC297}.Debug|x64.Build.0 = Debug|Any CPU
		{B81D1959-C8AA-45C1-BD87-68E5969BC297}.Debug|x86.ActiveCfg = Debug|Any CPU
		{B81D1959-C8AA-45C1-BD87-68E5969BC297}.Debug|x86.Build.0 = Debug|Any CPU
		{B81D1959-C8AA-45C1-BD87-68E5969BC297}.Release|Any CPU.ActiveCfg = Release|Any CPU
		{B81D1959-C8AA-45C1-BD87-68E5969BC297}.Release|Any CPU.Build.0 = Release|Any CPU
		{B81D1959-C8AA-45C1-BD87-68E5969BC297}.Release|x64.ActiveCfg = Release|Any CPU
		{B81D1959-C8AA-45C1-BD87-68E5969BC297}.Release|x64.Build.0 = Release|Any CPU
		{B81D1959-C8AA-45C1-BD87-68E5969BC297}.Release|x86.ActiveCfg = Release|Any CPU
		{B81D1959-C8AA-45C1-BD87-68E5969BC297}.Release|x86.Build.0 = Release|Any CPU
		{72B5C536-1B27-4A89-9284-439692185D7C}.Debug|Any CPU.ActiveCfg = Debug|Any CPU
		{72B5C536-1B27-4A89-9284-439692185D7C}.Debug|Any CPU.Build.0 = Debug|Any CPU
		{72B5C536-1B27-4A89-9284-439692185D7C}.Debug|x64.ActiveCfg = Debug|Any CPU
		{72B5C536-1B27-4A89-9284-439692185D7C}.Debug|x64.Build.0 = Debug|Any CPU
		{72B5C536-1B27-4A89-9284-439692185D7C}.Debug|x86.ActiveCfg = Debug|Any CPU
		{72B5C536-1B27-4A89-9284-439692185D7C}.Debug|x86.Build.0 = Debug|Any CPU
		{72B5C536-1B27-4A89-9284-439692185D7C}.Release|Any CPU.ActiveCfg = Release|Any CPU
		{72B5C536-1B27-4A89-9284-439692185D7C}.Release|Any CPU.Build.0 = Release|Any CPU
		{72B5C536-1B27-4A89-9284-439692185D7C}.Release|x64.ActiveCfg = Release|Any CPU
		{72B5C536-1B27-4A89-9284-439692185D7C}.Release|x64.Build.0 = Release|Any CPU
		{72B5C536-1B27-4A89-9284-439692185D7C}.Release|x86.ActiveCfg = Release|Any CPU
		{72B5C536-1B27-4A89-9284-439692185D7C}.Release|x86.Build.0 = Release|Any CPU
		{3B235604-64B4-4059-9105-494BA607AC63}.Debug|Any CPU.ActiveCfg = Debug|Any CPU
		{3B235604-64B4-4059-9105-494BA607AC63}.Debug|Any CPU.Build.0 = Debug|Any CPU
		{3B235604-64B4-4059-9105-494BA607AC63}.Debug|x64.ActiveCfg = Debug|Any CPU
		{3B235604-64B4-4059-9105-494BA607AC63}.Debug|x64.Build.0 = Debug|Any CPU
		{3B235604-64B4-4059-9105-494BA607AC63}.Debug|x86.ActiveCfg = Debug|Any CPU
		{3B235604-64B4-4059-9105-494BA607AC63}.Debug|x86.Build.0 = Debug|Any CPU
		{3B235604-64B4-4059-9105-494BA607AC63}.Release|Any CPU.ActiveCfg = Release|Any CPU
		{3B235604-64B4-4059-9105-494BA607AC63}.Release|Any CPU.Build.0 = Release|Any CPU
		{3B235604-64B4-4059-9105-494BA607AC63}.Release|x64.ActiveCfg = Release|Any CPU
		{3B235604-64B4-4059-9105-494BA607AC63}.Release|x64.Build.0 = Release|Any CPU
		{3B235604-64B4-4059-9105-494BA607AC63}.Release|x86.ActiveCfg = Release|Any CPU
		{3B235604-64B4-4059-9105-494BA607AC63}.Release|x86.Build.0 = Release|Any CPU
		{889A478B-6D25-4D18-81B6-3D88EC6BB1A1}.Debug|Any CPU.ActiveCfg = Debug|Any CPU
		{889A478B-6D25-4D18-81B6-3D88EC6BB1A1}.Debug|Any CPU.Build.0 = Debug|Any CPU
		{889A478B-6D25-4D18-81B6-3D88EC6BB1A1}.Debug|x64.ActiveCfg = Debug|Any CPU
		{889A478B-6D25-4D18-81B6-3D88EC6BB1A1}.Debug|x64.Build.0 = Debug|Any CPU
		{889A478B-6D25-4D18-81B6-3D88EC6BB1A1}.Debug|x86.ActiveCfg = Debug|Any CPU
		{889A478B-6D25-4D18-81B6-3D88EC6BB1A1}.Debug|x86.Build.0 = Debug|Any CPU
		{889A478B-6D25-4D18-81B6-3D88EC6BB1A1}.Release|Any CPU.ActiveCfg = Release|Any CPU
		{889A478B-6D25-4D18-81B6-3D88EC6BB1A1}.Release|Any CPU.Build.0 = Release|Any CPU
		{889A478B-6D25-4D18-81B6-3D88EC6BB1A1}.Release|x64.ActiveCfg = Release|Any CPU
		{889A478B-6D25-4D18-81B6-3D88EC6BB1A1}.Release|x64.Build.0 = Release|Any CPU
		{889A478B-6D25-4D18-81B6-3D88EC6BB1A1}.Release|x86.ActiveCfg = Release|Any CPU
		{889A478B-6D25-4D18-81B6-3D88EC6BB1A1}.Release|x86.Build.0 = Release|Any CPU
		{326D28BC-F2A7-4B7C-AACD-48D76723B3F2}.Debug|Any CPU.ActiveCfg = Debug|Any CPU
		{326D28BC-F2A7-4B7C-AACD-48D76723B3F2}.Debug|Any CPU.Build.0 = Debug|Any CPU
		{326D28BC-F2A7-4B7C-AACD-48D76723B3F2}.Debug|x64.ActiveCfg = Debug|Any CPU
		{326D28BC-F2A7-4B7C-AACD-48D76723B3F2}.Debug|x64.Build.0 = Debug|Any CPU
		{326D28BC-F2A7-4B7C-AACD-48D76723B3F2}.Debug|x86.ActiveCfg = Debug|Any CPU
		{326D28BC-F2A7-4B7C-AACD-48D76723B3F2}.Debug|x86.Build.0 = Debug|Any CPU
		{326D28BC-F2A7-4B7C-AACD-48D76723B3F2}.Release|Any CPU.ActiveCfg = Release|Any CPU
		{326D28BC-F2A7-4B7C-AACD-48D76723B3F2}.Release|Any CPU.Build.0 = Release|Any CPU
		{326D28BC-F2A7-4B7C-AACD-48D76723B3F2}.Release|x64.ActiveCfg = Release|Any CPU
		{326D28BC-F2A7-4B7C-AACD-48D76723B3F2}.Release|x64.Build.0 = Release|Any CPU
		{326D28BC-F2A7-4B7C-AACD-48D76723B3F2}.Release|x86.ActiveCfg = Release|Any CPU
		{326D28BC-F2A7-4B7C-AACD-48D76723B3F2}.Release|x86.Build.0 = Release|Any CPU
		{E8B727B5-E7F1-4EDA-A74B-B33A33B79E1F}.Debug|Any CPU.ActiveCfg = Debug|Any CPU
		{E8B727B5-E7F1-4EDA-A74B-B33A33B79E1F}.Debug|Any CPU.Build.0 = Debug|Any CPU
		{E8B727B5-E7F1-4EDA-A74B-B33A33B79E1F}.Debug|x64.ActiveCfg = Debug|Any CPU
		{E8B727B5-E7F1-4EDA-A74B-B33A33B79E1F}.Debug|x64.Build.0 = Debug|Any CPU
		{E8B727B5-E7F1-4EDA-A74B-B33A33B79E1F}.Debug|x86.ActiveCfg = Debug|Any CPU
		{E8B727B5-E7F1-4EDA-A74B-B33A33B79E1F}.Debug|x86.Build.0 = Debug|Any CPU
		{E8B727B5-E7F1-4EDA-A74B-B33A33B79E1F}.Release|Any CPU.ActiveCfg = Release|Any CPU
		{E8B727B5-E7F1-4EDA-A74B-B33A33B79E1F}.Release|Any CPU.Build.0 = Release|Any CPU
		{E8B727B5-E7F1-4EDA-A74B-B33A33B79E1F}.Release|x64.ActiveCfg = Release|Any CPU
		{E8B727B5-E7F1-4EDA-A74B-B33A33B79E1F}.Release|x64.Build.0 = Release|Any CPU
		{E8B727B5-E7F1-4EDA-A74B-B33A33B79E1F}.Release|x86.ActiveCfg = Release|Any CPU
		{E8B727B5-E7F1-4EDA-A74B-B33A33B79E1F}.Release|x86.Build.0 = Release|Any CPU
		{09D84A41-24D7-4431-B8BF-28C148645DF0}.Debug|Any CPU.ActiveCfg = Debug|Any CPU
		{09D84A41-24D7-4431-B8BF-28C148645DF0}.Debug|Any CPU.Build.0 = Debug|Any CPU
		{09D84A41-24D7-4431-B8BF-28C148645DF0}.Debug|x64.ActiveCfg = Debug|Any CPU
		{09D84A41-24D7-4431-B8BF-28C148645DF0}.Debug|x64.Build.0 = Debug|Any CPU
		{09D84A41-24D7-4431-B8BF-28C148645DF0}.Debug|x86.ActiveCfg = Debug|Any CPU
		{09D84A41-24D7-4431-B8BF-28C148645DF0}.Debug|x86.Build.0 = Debug|Any CPU
		{09D84A41-24D7-4431-B8BF-28C148645DF0}.Release|Any CPU.ActiveCfg = Release|Any CPU
		{09D84A41-24D7-4431-B8BF-28C148645DF0}.Release|Any CPU.Build.0 = Release|Any CPU
		{09D84A41-24D7-4431-B8BF-28C148645DF0}.Release|x64.ActiveCfg = Release|Any CPU
		{09D84A41-24D7-4431-B8BF-28C148645DF0}.Release|x64.Build.0 = Release|Any CPU
		{09D84A41-24D7-4431-B8BF-28C148645DF0}.Release|x86.ActiveCfg = Release|Any CPU
		{09D84A41-24D7-4431-B8BF-28C148645DF0}.Release|x86.Build.0 = Release|Any CPU
		{ABF0C6AD-0538-4CAF-946F-69825CF75164}.Debug|Any CPU.ActiveCfg = Debug|Any CPU
		{ABF0C6AD-0538-4CAF-946F-69825CF75164}.Debug|Any CPU.Build.0 = Debug|Any CPU
		{ABF0C6AD-0538-4CAF-946F-69825CF75164}.Debug|x64.ActiveCfg = Debug|Any CPU
		{ABF0C6AD-0538-4CAF-946F-69825CF75164}.Debug|x64.Build.0 = Debug|Any CPU
		{ABF0C6AD-0538-4CAF-946F-69825CF75164}.Debug|x86.ActiveCfg = Debug|Any CPU
		{ABF0C6AD-0538-4CAF-946F-69825CF75164}.Debug|x86.Build.0 = Debug|Any CPU
		{ABF0C6AD-0538-4CAF-946F-69825CF75164}.Release|Any CPU.ActiveCfg = Release|Any CPU
		{ABF0C6AD-0538-4CAF-946F-69825CF75164}.Release|Any CPU.Build.0 = Release|Any CPU
		{ABF0C6AD-0538-4CAF-946F-69825CF75164}.Release|x64.ActiveCfg = Release|Any CPU
		{ABF0C6AD-0538-4CAF-946F-69825CF75164}.Release|x64.Build.0 = Release|Any CPU
		{ABF0C6AD-0538-4CAF-946F-69825CF75164}.Release|x86.ActiveCfg = Release|Any CPU
		{ABF0C6AD-0538-4CAF-946F-69825CF75164}.Release|x86.Build.0 = Release|Any CPU
		{126EDE2E-D8F0-4F80-B628-5412B8D1012A}.Debug|Any CPU.ActiveCfg = Debug|Any CPU
		{126EDE2E-D8F0-4F80-B628-5412B8D1012A}.Debug|Any CPU.Build.0 = Debug|Any CPU
		{126EDE2E-D8F0-4F80-B628-5412B8D1012A}.Debug|x64.ActiveCfg = Debug|Any CPU
		{126EDE2E-D8F0-4F80-B628-5412B8D1012A}.Debug|x64.Build.0 = Debug|Any CPU
		{126EDE2E-D8F0-4F80-B628-5412B8D1012A}.Debug|x86.ActiveCfg = Debug|Any CPU
		{126EDE2E-D8F0-4F80-B628-5412B8D1012A}.Debug|x86.Build.0 = Debug|Any CPU
		{126EDE2E-D8F0-4F80-B628-5412B8D1012A}.Release|Any CPU.ActiveCfg = Release|Any CPU
		{126EDE2E-D8F0-4F80-B628-5412B8D1012A}.Release|Any CPU.Build.0 = Release|Any CPU
		{126EDE2E-D8F0-4F80-B628-5412B8D1012A}.Release|x64.ActiveCfg = Release|Any CPU
		{126EDE2E-D8F0-4F80-B628-5412B8D1012A}.Release|x64.Build.0 = Release|Any CPU
		{126EDE2E-D8F0-4F80-B628-5412B8D1012A}.Release|x86.ActiveCfg = Release|Any CPU
		{126EDE2E-D8F0-4F80-B628-5412B8D1012A}.Release|x86.Build.0 = Release|Any CPU
		{3E110817-AC90-49D3-ACAD-EABDA5296F75}.Debug|Any CPU.ActiveCfg = Debug|Any CPU
		{3E110817-AC90-49D3-ACAD-EABDA5296F75}.Debug|Any CPU.Build.0 = Debug|Any CPU
		{3E110817-AC90-49D3-ACAD-EABDA5296F75}.Debug|x64.ActiveCfg = Debug|Any CPU
		{3E110817-AC90-49D3-ACAD-EABDA5296F75}.Debug|x64.Build.0 = Debug|Any CPU
		{3E110817-AC90-49D3-ACAD-EABDA5296F75}.Debug|x86.ActiveCfg = Debug|Any CPU
		{3E110817-AC90-49D3-ACAD-EABDA5296F75}.Debug|x86.Build.0 = Debug|Any CPU
		{3E110817-AC90-49D3-ACAD-EABDA5296F75}.Release|Any CPU.ActiveCfg = Release|Any CPU
		{3E110817-AC90-49D3-ACAD-EABDA5296F75}.Release|Any CPU.Build.0 = Release|Any CPU
		{3E110817-AC90-49D3-ACAD-EABDA5296F75}.Release|x64.ActiveCfg = Release|Any CPU
		{3E110817-AC90-49D3-ACAD-EABDA5296F75}.Release|x64.Build.0 = Release|Any CPU
		{3E110817-AC90-49D3-ACAD-EABDA5296F75}.Release|x86.ActiveCfg = Release|Any CPU
		{3E110817-AC90-49D3-ACAD-EABDA5296F75}.Release|x86.Build.0 = Release|Any CPU
	EndGlobalSection
	GlobalSection(SolutionProperties) = preSolution
		HideSolutionNode = FALSE
	EndGlobalSection
	GlobalSection(ExtensibilityGlobals) = postSolution
		SolutionGuid = {7D1205DF-0D0B-4AC9-8C68-650E5A570665}
	EndGlobalSection
EndGlobal
