
Microsoft Visual Studio Solution File, Format Version 12.00
# Visual Studio Version 17
VisualStudioVersion = 17.14.36414.22
MinimumVisualStudioVersion = 10.0.40219.1
Project("{FAE04EC0-301F-11D3-BF4B-00C04F79EFBC}") = "DPM225478_Abstract_Factory_01", "DPM225478_NguyenTranMinhTuong_01\DPM225478_Abstract_Factory_01.csproj", "{7C60A9B5-DF7E-46E7-9996-3425A0F786AB}"
EndProject
Project("{FAE04EC0-301F-11D3-BF4B-00C04F79EFBC}") = "DPM225478_NguyenTranMinhTuong_02", "DPM225478_NguyenTranMinhTuong_02\DPM225478_NguyenTranMinhTuong_02.csproj", "{771E4F90-F794-4FF6-803D-6F1E1AE4A9B2}"
EndProject
Project("{FAE04EC0-301F-11D3-BF4B-00C04F79EFBC}") = "DPM225478_Factory_Method_03", "DPM225478_Factory_Method_03\DPM225478_Factory_Method_03.csproj", "{CA446A8F-33BA-A6B5-234C-926D84EC0A62}"
EndProject
Project("{FAE04EC0-301F-11D3-BF4B-00C04F79EFBC}") = "DPM225478_Prototype_04", "DPM225478_Prototype_04\DPM225478_Prototype_04.csproj", "{D9A9675C-A911-AC53-ACE9-BC448CEF062C}"
EndProject
Project("{FAE04EC0-301F-11D3-BF4B-00C04F79EFBC}") = "DPM225478_Adapter_06", "DPM225478_Adapter_06\DPM225478_Adapter_06.csproj", "{AF828B72-4368-9729-DE1F-93EE26E63F64}"
EndProject
Project("{FAE04EC0-301F-11D3-BF4B-00C04F79EFBC}") = "DPM225478_Singleton_05", "DPM225478_Singleton\DPM225478_Singleton_05.csproj", "{84B2F18E-ECC3-D651-0F29-7DA44DD6E3F0}"
EndProject
Project("{FAE04EC0-301F-11D3-BF4B-00C04F79EFBC}") = "DPM225478_Bridge_07", "DPM225478_Bridge_07\DPM225478_Bridge_07.csproj", "{53EA6A13-DD60-EE05-98B9-B9A56F547988}"
EndProject
Project("{FAE04EC0-301F-11D3-BF4B-00C04F79EFBC}") = "DPM225478_Composite_08", "DPM225478_Composite_08\DPM225478_Composite_08.csproj", "{17BED3B4-2B4E-949F-5C00-49BB0557F8CA}"
EndProject
Project("{FAE04EC0-301F-11D3-BF4B-00C04F79EFBC}") = "DPM225478_Decorator_09", "DPM225478_Decorator_09\DPM225478_Decorator_09.csproj", "{49461F6F-8F63-4B4F-166B-9F8CAECA8D4E}"
EndProject
Project("{FAE04EC0-301F-11D3-BF4B-00C04F79EFBC}") = "DPM225478_Facade_10", "DPM225478_Facade_10\DPM225478_Facade_10.csproj", "{4453E559-8335-706A-31C5-6012A3FEFB9A}"
EndProject
Global
	GlobalSection(SolutionConfigurationPlatforms) = preSolution
		Debug|Any CPU = Debug|Any CPU
		Release|Any CPU = Release|Any CPU
	EndGlobalSection
	GlobalSection(ProjectConfigurationPlatforms) = postSolution
		{7C60A9B5-DF7E-46E7-9996-3425A0F786AB}.Debug|Any CPU.ActiveCfg = Debug|Any CPU
		{7C60A9B5-DF7E-46E7-9996-3425A0F786AB}.Debug|Any CPU.Build.0 = Debug|Any CPU
		{7C60A9B5-DF7E-46E7-9996-3425A0F786AB}.Release|Any CPU.ActiveCfg = Release|Any CPU
		{7C60A9B5-DF7E-46E7-9996-3425A0F786AB}.Release|Any CPU.Build.0 = Release|Any CPU
		{771E4F90-F794-4FF6-803D-6F1E1AE4A9B2}.Debug|Any CPU.ActiveCfg = Debug|Any CPU
		{771E4F90-F794-4FF6-803D-6F1E1AE4A9B2}.Debug|Any CPU.Build.0 = Debug|Any CPU
		{771E4F90-F794-4FF6-803D-6F1E1AE4A9B2}.Release|Any CPU.ActiveCfg = Release|Any CPU
		{771E4F90-F794-4FF6-803D-6F1E1AE4A9B2}.Release|Any CPU.Build.0 = Release|Any CPU
		{CA446A8F-33BA-A6B5-234C-926D84EC0A62}.Debug|Any CPU.ActiveCfg = Debug|Any CPU
		{CA446A8F-33BA-A6B5-234C-926D84EC0A62}.Debug|Any CPU.Build.0 = Debug|Any CPU
		{CA446A8F-33BA-A6B5-234C-926D84EC0A62}.Release|Any CPU.ActiveCfg = Release|Any CPU
		{CA446A8F-33BA-A6B5-234C-926D84EC0A62}.Release|Any CPU.Build.0 = Release|Any CPU
		{D9A9675C-A911-AC53-ACE9-BC448CEF062C}.Debug|Any CPU.ActiveCfg = Debug|Any CPU
		{D9A9675C-A911-AC53-ACE9-BC448CEF062C}.Debug|Any CPU.Build.0 = Debug|Any CPU
		{D9A9675C-A911-AC53-ACE9-BC448CEF062C}.Release|Any CPU.ActiveCfg = Release|Any CPU
		{D9A9675C-A911-AC53-ACE9-BC448CEF062C}.Release|Any CPU.Build.0 = Release|Any CPU
		{AF828B72-4368-9729-DE1F-93EE26E63F64}.Debug|Any CPU.ActiveCfg = Debug|Any CPU
		{AF828B72-4368-9729-DE1F-93EE26E63F64}.Debug|Any CPU.Build.0 = Debug|Any CPU
		{AF828B72-4368-9729-DE1F-93EE26E63F64}.Release|Any CPU.ActiveCfg = Release|Any CPU
		{AF828B72-4368-9729-DE1F-93EE26E63F64}.Release|Any CPU.Build.0 = Release|Any CPU
		{84B2F18E-ECC3-D651-0F29-7DA44DD6E3F0}.Debug|Any CPU.ActiveCfg = Debug|Any CPU
		{84B2F18E-ECC3-D651-0F29-7DA44DD6E3F0}.Debug|Any CPU.Build.0 = Debug|Any CPU
		{84B2F18E-ECC3-D651-0F29-7DA44DD6E3F0}.Release|Any CPU.ActiveCfg = Release|Any CPU
		{84B2F18E-ECC3-D651-0F29-7DA44DD6E3F0}.Release|Any CPU.Build.0 = Release|Any CPU
		{53EA6A13-DD60-EE05-98B9-B9A56F547988}.Debug|Any CPU.ActiveCfg = Debug|Any CPU
		{53EA6A13-DD60-EE05-98B9-B9A56F547988}.Debug|Any CPU.Build.0 = Debug|Any CPU
		{53EA6A13-DD60-EE05-98B9-B9A56F547988}.Release|Any CPU.ActiveCfg = Release|Any CPU
		{53EA6A13-DD60-EE05-98B9-B9A56F547988}.Release|Any CPU.Build.0 = Release|Any CPU
		{17BED3B4-2B4E-949F-5C00-49BB0557F8CA}.Debug|Any CPU.ActiveCfg = Debug|Any CPU
		{17BED3B4-2B4E-949F-5C00-49BB0557F8CA}.Debug|Any CPU.Build.0 = Debug|Any CPU
		{17BED3B4-2B4E-949F-5C00-49BB0557F8CA}.Release|Any CPU.ActiveCfg = Release|Any CPU
		{17BED3B4-2B4E-949F-5C00-49BB0557F8CA}.Release|Any CPU.Build.0 = Release|Any CPU
		{49461F6F-8F63-4B4F-166B-9F8CAECA8D4E}.Debug|Any CPU.ActiveCfg = Debug|Any CPU
		{49461F6F-8F63-4B4F-166B-9F8CAECA8D4E}.Debug|Any CPU.Build.0 = Debug|Any CPU
		{49461F6F-8F63-4B4F-166B-9F8CAECA8D4E}.Release|Any CPU.ActiveCfg = Release|Any CPU
		{49461F6F-8F63-4B4F-166B-9F8CAECA8D4E}.Release|Any CPU.Build.0 = Release|Any CPU
		{4453E559-8335-706A-31C5-6012A3FEFB9A}.Debug|Any CPU.ActiveCfg = Debug|Any CPU
		{4453E559-8335-706A-31C5-6012A3FEFB9A}.Debug|Any CPU.Build.0 = Debug|Any CPU
		{4453E559-8335-706A-31C5-6012A3FEFB9A}.Release|Any CPU.ActiveCfg = Release|Any CPU
		{4453E559-8335-706A-31C5-6012A3FEFB9A}.Release|Any CPU.Build.0 = Release|Any CPU
	EndGlobalSection
	GlobalSection(SolutionProperties) = preSolution
		HideSolutionNode = FALSE
	EndGlobalSection
	GlobalSection(ExtensibilityGlobals) = postSolution
		SolutionGuid = {BDD4603A-DE95-4449-AEB6-B1B3BBDF6F75}
	EndGlobalSection
EndGlobal
